
Microsoft Visual Studio Solution File, Format Version 12.00
# Visual Studio Version 17
VisualStudioVersion = 17.5.33516.290
MinimumVisualStudioVersion = 10.0.40219.1
Project("{FAE04EC0-301F-11D3-BF4B-00C04F79EFBC}") = "L9Ex006", "L9Ex006\L9Ex006.csproj", "{DFE6534D-C9C8-4E54-9179-39FA022765D5}"
EndProject
Global
	GlobalSection(SolutionConfigurationPlatforms) = preSolution
		Debug|Any CPU = Debug|Any CPU
		Release|Any CPU = Release|Any CPU
	EndGlobalSection
	GlobalSection(ProjectConfigurationPlatforms) = postSolution
		{DFE6534D-C9C8-4E54-9179-39FA022765D5}.Debug|Any CPU.ActiveCfg = Debug|Any CPU
		{DFE6534D-C9C8-4E54-9179-39FA022765D5}.Debug|Any CPU.Build.0 = Debug|Any CPU
		{DFE6534D-C9C8-4E54-9179-39FA022765D5}.Release|Any CPU.ActiveCfg = Release|Any CPU
		{DFE6534D-C9C8-4E54-9179-39FA022765D5}.Release|Any CPU.Build.0 = Release|Any CPU
	EndGlobalSection
	GlobalSection(SolutionProperties) = preSolution
		HideSolutionNode = FALSE
	EndGlobalSection
	GlobalSection(ExtensibilityGlobals) = postSolution
		SolutionGuid = {D2505B26-CD76-48EF-B3C8-01D0D381946A}
	EndGlobalSection
EndGlobal
